dependencies:
  espressif/cmake_utilities:
    component_hash: 351350613ceafba240b761b4ea991e0f231ac7a9f59a9ee901f751bddc0bb18f
    dependencies:
    - name: idf
      require: private
      version: '>=4.1'
    source:
      registry_url: https://components.espressif.com
      type: service
    version: 0.5.3
  idf:
    source:
      type: idf
    version: 6.0.1
  lvgl/lvgl:
    component_hash: 184e532558c1c45fefed631f3e235423d22582aafb4630f3e8885c35281a49ae
    dependencies: []
    source:
      registry_url: https://components.espressif.com/
      type: service
    version: 9.5.0
  waveshare/esp_lcd_sh8601:
    component_hash: 1a2829e9db4e0515bad6ce83368f199dec60519fbba40251d6c8249f5d070ae1
    dependencies:
    - name: espressif/cmake_utilities
      registry_url: https://components.espressif.com
      require: private
      version: 0.*
    - name: idf
      require: private
      version: '>=5.3'
    source:
      registry_url: https://components.espressif.com/
      type: service
    version: 1.0.2
direct_dependencies:
- idf
- lvgl/lvgl
- waveshare/esp_lcd_sh8601
manifest_hash: 6a809c59dcedd933977ca7540c7a0fefed90faabf4873d7ad34499853bd27a9e
target: esp32s3
version: 3.0.0
